
Microsoft Visual Studio Solution File, Format Version 12.00
# Visual Studio Version 17
VisualStudioVersion = 17.4.33213.308
MinimumVisualStudioVersion = 10.0.40219.1
Project("{FAE04EC0-301F-11D3-BF4B-00C04F79EFBC}") = "GenericAnimalClass", "GenericAnimalClass\GenericAnimalClass.csproj", "{087DD874-10A3-4942-86CE-5483638D660B}"
EndProject
Global
	GlobalSection(SolutionConfigurationPlatforms) = preSolution
		Debug|Any CPU = Debug|Any CPU
		Release|Any CPU = Release|Any CPU
	EndGlobalSection
	GlobalSection(ProjectConfigurationPlatforms) = postSolution
		{087DD874-10A3-4942-86CE-5483638D660B}.Debug|Any CPU.ActiveCfg = Debug|Any CPU
		{087DD874-10A3-4942-86CE-5483638D660B}.Debug|Any CPU.Build.0 = Debug|Any CPU
		{087DD874-10A3-4942-86CE-5483638D660B}.Release|Any CPU.ActiveCfg = Release|Any CPU
		{087DD874-10A3-4942-86CE-5483638D660B}.Release|Any CPU.Build.0 = Release|Any CPU
	EndGlobalSection
	GlobalSection(SolutionProperties) = preSolution
		HideSolutionNode = FALSE
	EndGlobalSection
	GlobalSection(ExtensibilityGlobals) = postSolution
		SolutionGuid = {4689EA29-184F-4A0E-8785-BD06D7B41257}
	EndGlobalSection
EndGlobal
